# Generated by buf. DO NOT EDIT.
version: v2
deps:
  - name: buf.build/googleapis/googleapis
    commit: 004180b77378443887d3b55cabc00384
    digest: b5:e8f475fe3330f31f5fd86ac689093bcd274e19611a09db91f41d637cb9197881ce89882b94d13a58738e53c91c6e4bae7dc1feba85f590164c975a89e25115dc
  - name: buf.build/grpc-ecosystem/grpc-gateway
    commit: 6467306b4f624747aaf6266762ee7a1c
    digest: b5:c2caa61467d992749812c909f93c07e9a667da33c758a7c1973d63136c23b3cafcc079985b12cdf54a10049ed3297418f1eda42cdffdcf34113792dcc3a990af
  - name: buf.build/panyam/protoc-gen-go-wasmjs
    commit: eb671d742430491b9c5146de77da1292
    digest: b5:1086990272e32f0cd42f9d83383794fed2e5989e6be1d436d6772b40b7c9844b2d106c5980365335415a07439ef4f58f4de7544f006bbd973ac19a5276c25e4c
  - name: buf.build/protocolbuffers/wellknowntypes
    commit: 9d16d599a978406980f6e2f081331a93
    digest: b5:dd06e497a5c52f5ddf6ec02b3c7d289cc6c0432093fc2f6bf7a4fb5fae786c3e4c893e55d2759ffb6833268daf3de0bce303a406fed15725790528f2c27dc219
  - name: buf.build/prototools/protoc-gen-dal
    commit: cc665516335644b0b42aa7f1b850d223
    digest: b5:97608c94589c4769f8d63bed4215e02547342c05081b885e49e2559ba8873e2439734bd5ad01e9132a955b075980e5309599c50af5220bee9f236f8ff44b6015
