# Generated by buf. DO NOT EDIT.
version: v2
deps:
  - name: buf.build/googleapis/googleapis
    commit: 004180b77378443887d3b55cabc00384
    digest: b5:e8f475fe3330f31f5fd86ac689093bcd274e19611a09db91f41d637cb9197881ce89882b94d13a58738e53c91c6e4bae7dc1feba85f590164c975a89e25115dc
  - name: buf.build/grpc-ecosystem/grpc-gateway
    commit: 4c5ba75caaf84e928b7137ae5c18c26a
    digest: b5:c113e62fb3b29289af785866cae062b55ec8ae19ab3f08f3004098928fbca657730a06810b2012951294326b95669547194fa84476b9e9b688d4f8bf77a0691d
  - name: buf.build/panyam/protoc-gen-go-wasmjs
    commit: 1053a215753a461cbe5806240ac2ef7b
    digest: b5:3a5aab199b90d301090869c164ec9ef9bc6dcddc76e1d5428f9bef473fffbe8eab72e39907417f0c8128cf0f18c5149b7110f3ab3570cd4caf9f2cafda39a11a
  - name: buf.build/protocolbuffers/wellknowntypes
    commit: 4e1ccfa6827947beb55974645a315b8d
    digest: b5:eb5228b1abd02064d6ff0248918500c1ec1ce7df69126af3f220c0b67d81ff45bdf9f016a8e66cd9c1e534f18afc6d8e090d400604c5331d551a68d05f7e7be9
  - name: buf.build/prototools/protoc-gen-dal
    commit: 68ddf8f84cf84f0089ee137fa7a6da75
    digest: b5:c65f5be55de6192974069d4bd6dfb1d5391439805b51f36655506d94e96645a4026e8d7303c0ed6a37f1705b08b39b14a9fc2619615c9d58ee69443149da8f56
